
Microsoft Visual Studio Solution File, Format Version 12.00
# Visual Studio Version 17
VisualStudioVersion = 17.8.34316.72
MinimumVisualStudioVersion = 10.0.40219.1
Project("{8BC9CEB8-8B4A-11D0-8D11-00A0C91BC942}") = "Project1", "Project1.vcxproj", "{25034339-06B0-485A-9106-E770E8026588}"
EndProject
Global
	GlobalSection(SolutionConfigurationPlatforms) = preSolution
		Debug|x64 = Debug|x64
		Debug|x86 = Debug|x86
		Release|x64 = Release|x64
		Release|x86 = Release|x86
	EndGlobalSection
	GlobalSection(ProjectConfigurationPlatforms) = postSolution
		{25034339-06B0-485A-9106-E770E8026588}.Debug|x64.ActiveCfg = Debug|x64
		{25034339-06B0-485A-9106-E770E8026588}.Debug|x64.Build.0 = Debug|x64
		{25034339-06B0-485A-9106-E770E8026588}.Debug|x86.ActiveCfg = Debug|Win32
		{25034339-06B0-485A-9106-E770E8026588}.Debug|x86.Build.0 = Debug|Win32
		{25034339-06B0-485A-9106-E770E8026588}.Release|x64.ActiveCfg = Release|x64
		{25034339-06B0-485A-9106-E770E8026588}.Release|x64.Build.0 = Release|x64
		{25034339-06B0-485A-9106-E770E8026588}.Release|x86.ActiveCfg = Release|Win32
		{25034339-06B0-485A-9106-E770E8026588}.Release|x86.Build.0 = Release|Win32
	EndGlobalSection
	GlobalSection(SolutionProperties) = preSolution
		HideSolutionNode = FALSE
	EndGlobalSection
	GlobalSection(ExtensibilityGlobals) = postSolution
		SolutionGuid = {3E74AFD2-1C92-498B-B22B-2ED71A6B9E79}
	EndGlobalSection
EndGlobal
